
Microsoft Visual Studio Solution File, Format Version 12.00
# Visual Studio 14
VisualStudioVersion = 14.0.25420.1
MinimumVisualStudioVersion = 10.0.40219.1
Project("{E24C65DC-7377-472B-9ABA-BC803B73C61A}") = "wsgenerales-master", "wsgenerales-master\", "{C78BBE9F-C446-4FD7-A3C0-22233C5B1C1F}"
	ProjectSection(WebsiteProperties) = preProject
		TargetFrameworkMoniker = ".NETFramework,Version%3Dv4.0"
		ProjectReferences = ""
		Debug.AspNetCompiler.VirtualPath = "/localhost_50069"
		Debug.AspNetCompiler.PhysicalPath = "wsgenerales-master\"
		Debug.AspNetCompiler.TargetPath = "PrecompiledWeb\localhost_50069\"
		Debug.AspNetCompiler.Updateable = "true"
		Debug.AspNetCompiler.ForceOverwrite = "true"
		Debug.AspNetCompiler.FixedNames = "false"
		Debug.AspNetCompiler.Debug = "True"
		Release.AspNetCompiler.VirtualPath = "/localhost_50069"
		Release.AspNetCompiler.PhysicalPath = "wsgenerales-master\"
		Release.AspNetCompiler.TargetPath = "PrecompiledWeb\localhost_50069\"
		Release.AspNetCompiler.Updateable = "true"
		Release.AspNetCompiler.ForceOverwrite = "true"
		Release.AspNetCompiler.FixedNames = "false"
		Release.AspNetCompiler.Debug = "False"
		VWDPort = "50069"
		SlnRelativePath = "wsgenerales-master\"
	EndProjectSection
EndProject
Global
	GlobalSection(SolutionConfigurationPlatforms) = preSolution
		Debug|Any CPU = Debug|Any CPU
		Release|Any CPU = Release|Any CPU
	EndGlobalSection
	GlobalSection(ProjectConfigurationPlatforms) = postSolution
		{C78BBE9F-C446-4FD7-A3C0-22233C5B1C1F}.Debug|Any CPU.ActiveCfg = Debug|Any CPU
		{C78BBE9F-C446-4FD7-A3C0-22233C5B1C1F}.Debug|Any CPU.Build.0 = Debug|Any CPU
		{C78BBE9F-C446-4FD7-A3C0-22233C5B1C1F}.Release|Any CPU.ActiveCfg = Debug|Any CPU
		{C78BBE9F-C446-4FD7-A3C0-22233C5B1C1F}.Release|Any CPU.Build.0 = Debug|Any CPU
	EndGlobalSection
	GlobalSection(SolutionProperties) = preSolution
		HideSolutionNode = FALSE
	EndGlobalSection
EndGlobal
